{
  "version": 4,
  "terraform_version": "1.5.7",
  "serial": 652,
  "lineage": "1c6266a7-a111-7b07-5c38-178ca49b94e6",
  "outputs": {},
  "resources": [
    {
      "mode": "managed",
      "type": "google_container_cluster",
      "name": "primary",
      "provider": "provider[\"registry.terraform.io/hashicorp/google\"]",
      "instances": [
        {
          "schema_version": 2,
          "attributes": {
            "addons_config": [
              {
                "cloudrun_config": [],
                "config_connector_config": [],
                "dns_cache_config": [],
                "gce_persistent_disk_csi_driver_config": [
                  {
                    "enabled": true
                  }
                ],
                "gcp_filestore_csi_driver_config": [],
                "gcs_fuse_csi_driver_config": [],
                "gke_backup_agent_config": [],
                "horizontal_pod_autoscaling": [],
                "http_load_balancing": [],
                "network_policy_config": [
                  {
                    "disabled": true
                  }
                ],
                "stateful_ha_config": []
              }
            ],
            "allow_net_admin": null,
            "authenticator_groups_config": [],
            "binary_authorization": [
              {
                "enabled": false,
                "evaluation_mode": ""
              }
            ],
            "cluster_autoscaling": [
              {
                "auto_provisioning_defaults": [],
                "autoscaling_profile": "BALANCED",
                "enabled": false,
                "resource_limits": []
              }
            ],
            "cluster_ipv4_cidr": "10.52.0.0/14",
            "confidential_nodes": [],
            "cost_management_config": [],
            "database_encryption": [
              {
                "key_name": "",
                "state": "DECRYPTED"
              }
            ],
            "datapath_provider": "",
            "default_max_pods_per_node": 110,
            "default_snat_status": [
              {
                "disabled": false
              }
            ],
            "deletion_protection": false,
            "description": "",
            "dns_config": [],
            "enable_autopilot": false,
            "enable_cilium_clusterwide_network_policy": false,
            "enable_intranode_visibility": false,
            "enable_k8s_beta_apis": [],
            "enable_kubernetes_alpha": false,
            "enable_l4_ilb_subsetting": false,
            "enable_legacy_abac": false,
            "enable_shielded_nodes": true,
            "enable_tpu": false,
            "endpoint": "35.240.220.254",
            "fleet": [],
            "gateway_api_config": [],
            "id": "projects/esd-project-420711/locations/asia-southeast1-a/clusters/esd-cluster",
            "identity_service_config": [],
            "initial_node_count": 1,
            "ip_allocation_policy": [
              {
                "additional_pod_ranges_config": [],
                "cluster_ipv4_cidr_block": "10.52.0.0/14",
                "cluster_secondary_range_name": "gke-esd-cluster-pods-39add89b",
                "pod_cidr_overprovision_config": [
                  {
                    "disabled": false
                  }
                ],
                "services_ipv4_cidr_block": "10.126.128.0/20",
                "services_secondary_range_name": "gke-esd-cluster-services-39add89b",
                "stack_type": "IPV4"
              }
            ],
            "label_fingerprint": "a9dc16a7",
            "location": "asia-southeast1-a",
            "logging_config": [
              {
                "enable_components": [
                  "SYSTEM_COMPONENTS",
                  "WORKLOADS"
                ]
              }
            ],
            "logging_service": "logging.googleapis.com/kubernetes",
            "maintenance_policy": [],
            "master_auth": [
              {
                "client_certificate": "",
                "client_certificate_config": [
                  {
                    "issue_client_certificate": false
                  }
                ],
                "client_key": "",
                "cluster_ca_certificate": "LS0tLS1CRUdJTiBDRVJUSUZJQ0FURS0tLS0tCk1JSUVMVENDQXBXZ0F3SUJBZ0lSQUtiK0hvREdJS3FNbm1IK0psSjhVaVV3RFFZSktvWklodmNOQVFFTEJRQXcKTHpFdE1Dc0dBMVVFQXhNa01UTmtaamxsT0RVdE5HUXhaaTAwWTJJMExUazFPREV0WkRNd1pURTFNV0k0T1dVMQpNQ0FYRFRJME1EUXlOekF5TlRnek1Wb1lEekl3TlRRd05ESXdNRE0xT0RNeFdqQXZNUzB3S3dZRFZRUURFeVF4Ck0yUm1PV1U0TlMwMFpERm1MVFJqWWpRdE9UVTRNUzFrTXpCbE1UVXhZamc1WlRVd2dnR2lNQTBHQ1NxR1NJYjMKRFFFQkFRVUFBNElCandBd2dnR0tBb0lCZ1FEYjFoTnlDbEYrMU42amE4bmxaZm1WR3VFWWFhZk5TZzB6QklzcQp1dHRudWRqRElGcmZ4c3d6RytwODlxdzQwZGMvdjZ5NWErQXU0STR5ZWh3MHdKRDYwTTNyWW9XU0h6UmFPS0M3ClFvSGVTNDFueTJseFJGcFRmNjhPcWRzMGU5cThCeWV6UEN6RHQ5OS9aZDQ0WFJjWTFlckFhRUlPSGJYZTRxVFoKRVY0M1VHV00wajlNU1Rqa2ttTVF1ZTk2V1hzRUhKSWZsQlJSN0tNbkVZWXVURkF2V05EUkhUMm01V1k4dkg4bwo4MFR5cUE5UllmNU9iRnRqcVkxVHgrL1RZa1BETU9UeEFuWTIveC9seGowcnZxSXFqOHl1ZGgyQ1l6ZjdkQlhKCk1Nd2htQ0kwNFlXdDQzdnNjdG1FMjdXUUxTbGFpM3pEZ3ZzS2hMdjJSc090UE5ZL2hsOHdEYnBqRDBIaDRIa3UKS0FxYVlYWi9zTFQrYXZqOHVtUmpGdkk0bytKUXY2NzgzdnFxdGJGZWxLL2draVdtaWJXZWxhUFdIbEhibDluUgpEMjVkcHpIaWhCc0ltM1NDTEF0UlE1ZjNPMk5EYnhWN3daM0dlVE1TVkIwVll3dWNzU3dWVWZ1L3B3RlUyRU55CkRna1B6czVOYStUQnM0aUZJNmIzcWRpK1JVY0NBd0VBQWFOQ01FQXdEZ1lEVlIwUEFRSC9CQVFEQWdJRU1BOEcKQTFVZEV3RUIvd1FGTUFNQkFmOHdIUVlEVlIwT0JCWUVGS2ZtNG1FUUpyZ3J1T1dNYmZLb2hwNFMzMWdTTUEwRwpDU3FHU0liM0RRRUJDd1VBQTRJQmdRQUZadnBSREJ4ZlVIcmxOb3RsTnlDUG82RFVlVXdNZFhOUFdaV01pSzhXCkpRUUlYVkdzRmNxMGZOaGRkbkpMM1JjVjV0YWtVclppbHl0MEUwUjFGVzhFc2lzSDVGcS9vNjZEekg3OUF0UDcKUG1mcnFTb0NOd3BQU2VtUHBESTBBT3VTelNKK2hLaUlDKytNWVkweWFUR3ZSbE14Zzc1bG51ZEQrRFpucFhCaQpIV01TRFk5R0RlZE85UEp0dHd0OHl1VG1ZOE5rN0UvNEN5U1VETGFCMVczZ0ZKVHYwTk5WNXFjOW9UczdkYlkrCkRQekNZMFA0a1RaVGFFVFdWR0JVNzZGVmdzUGptTFBZVU9VdVk3ZFc4eE1yMnBTbE9qOEM5aEEyM1FTZ3pxNUMKU2IwTVJVaUtyWE0zSGxXb2FXRHNNSGEyS3VSaEtSV0hCRThHSTZ6UUltRmliZEdFQ2FwWXRhVldVTlk4ZjVQSgpUMHQ1ZnBKT0dNRjlvRzhVY2FjQ1dRWWxhU1pWNUYwdG1DOTAxMUowT0wrTkNTYkFoelZCaXNuMldOVzhoa1BZCnQwMld3VEk1VXJWVHlpeFBpZDFmdUlTY3dTTk5BYU9LVnl5WTg4akJMZ1ptM0JnYzQ0SnpvaXhqRUsvN3ZYRW4KN0llQ0Yvand5RkYvdXhYSFBmQk1GZEU9Ci0tLS0tRU5EIENFUlRJRklDQVRFLS0tLS0K"
              }
            ],
            "master_authorized_networks_config": [],
            "master_version": "1.28.7-gke.1026000",
            "mesh_certificates": [],
            "min_master_version": null,
            "monitoring_config": [
              {
                "advanced_datapath_observability_config": [
                  {
                    "enable_metrics": false,
                    "enable_relay": false,
                    "relay_mode": "DISABLED"
                  }
                ],
                "enable_components": [
                  "SYSTEM_COMPONENTS"
                ],
                "managed_prometheus": [
                  {
                    "enabled": true
                  }
                ]
              }
            ],
            "monitoring_service": "monitoring.googleapis.com/kubernetes",
            "name": "esd-cluster",
            "network": "projects/esd-project-420711/global/networks/default",
            "network_policy": [
              {
                "enabled": false,
                "provider": "PROVIDER_UNSPECIFIED"
              }
            ],
            "networking_mode": "VPC_NATIVE",
            "node_config": [
              {
                "advanced_machine_features": [],
                "boot_disk_kms_key": "",
                "confidential_nodes": [],
                "disk_size_gb": 100,
                "disk_type": "pd-balanced",
                "effective_taints": [],
                "enable_confidential_storage": false,
                "ephemeral_storage_local_ssd_config": [],
                "fast_socket": [],
                "gcfs_config": [],
                "guest_accelerator": [],
                "gvnic": [],
                "host_maintenance_policy": [],
                "image_type": "COS_CONTAINERD",
                "kubelet_config": [],
                "labels": {},
                "linux_node_config": [],
                "local_nvme_ssd_block_config": [],
                "local_ssd_count": 0,
                "logging_variant": "DEFAULT",
                "machine_type": "c2-standard-4",
                "metadata": {
                  "disable-legacy-endpoints": "true"
                },
                "min_cpu_platform": "",
                "node_group": "",
                "oauth_scopes": [
                  "https://www.googleapis.com/auth/cloud-platform"
                ],
                "preemptible": false,
                "reservation_affinity": [],
                "resource_labels": {},
                "resource_manager_tags": {},
                "service_account": "demodeployment@esd-project-420711.iam.gserviceaccount.com",
                "shielded_instance_config": [
                  {
                    "enable_integrity_monitoring": true,
                    "enable_secure_boot": false
                  }
                ],
                "sole_tenant_config": [],
                "spot": false,
                "tags": [],
                "taint": [],
                "workload_metadata_config": []
              }
            ],
            "node_locations": [],
            "node_pool": [
              {
                "autoscaling": [],
                "initial_node_count": 2,
                "instance_group_urls": [
                  "https://www.googleapis.com/compute/v1/projects/esd-project-420711/zones/asia-southeast1-a/instanceGroupManagers/gke-esd-cluster-esd-node-pool-f8534fa1-grp"
                ],
                "managed_instance_group_urls": [
                  "https://www.googleapis.com/compute/v1/projects/esd-project-420711/zones/asia-southeast1-a/instanceGroups/gke-esd-cluster-esd-node-pool-f8534fa1-grp"
                ],
                "management": [
                  {
                    "auto_repair": true,
                    "auto_upgrade": true
                  }
                ],
                "max_pods_per_node": 110,
                "name": "esd-node-pool",
                "name_prefix": "",
                "network_config": [
                  {
                    "create_pod_range": false,
                    "enable_private_nodes": false,
                    "network_performance_config": [],
                    "pod_cidr_overprovision_config": [],
                    "pod_ipv4_cidr_block": "10.52.0.0/14",
                    "pod_range": "gke-esd-cluster-pods-39add89b"
                  }
                ],
                "node_config": [
                  {
                    "advanced_machine_features": [],
                    "boot_disk_kms_key": "",
                    "confidential_nodes": [],
                    "disk_size_gb": 100,
                    "disk_type": "pd-balanced",
                    "effective_taints": [],
                    "enable_confidential_storage": false,
                    "ephemeral_storage_local_ssd_config": [],
                    "fast_socket": [],
                    "gcfs_config": [],
                    "guest_accelerator": [],
                    "gvnic": [],
                    "host_maintenance_policy": [],
                    "image_type": "COS_CONTAINERD",
                    "kubelet_config": [],
                    "labels": {},
                    "linux_node_config": [],
                    "local_nvme_ssd_block_config": [],
                    "local_ssd_count": 0,
                    "logging_variant": "DEFAULT",
                    "machine_type": "c2-standard-4",
                    "metadata": {
                      "disable-legacy-endpoints": "true"
                    },
                    "min_cpu_platform": "",
                    "node_group": "",
                    "oauth_scopes": [
                      "https://www.googleapis.com/auth/cloud-platform"
                    ],
                    "preemptible": false,
                    "reservation_affinity": [],
                    "resource_labels": {},
                    "resource_manager_tags": {},
                    "service_account": "demodeployment@esd-project-420711.iam.gserviceaccount.com",
                    "shielded_instance_config": [
                      {
                        "enable_integrity_monitoring": true,
                        "enable_secure_boot": false
                      }
                    ],
                    "sole_tenant_config": [],
                    "spot": false,
                    "tags": [],
                    "taint": [],
                    "workload_metadata_config": []
                  }
                ],
                "node_count": 2,
                "node_locations": [
                  "asia-southeast1-a"
                ],
                "placement_policy": [],
                "queued_provisioning": [],
                "upgrade_settings": [
                  {
                    "blue_green_settings": [],
                    "max_surge": 1,
                    "max_unavailable": 0,
                    "strategy": "SURGE"
                  }
                ],
                "version": "1.28.7-gke.1026000"
              }
            ],
            "node_pool_auto_config": [],
            "node_pool_defaults": [
              {
                "node_config_defaults": [
                  {
                    "logging_variant": "DEFAULT"
                  }
                ]
              }
            ],
            "node_version": "1.28.7-gke.1026000",
            "notification_config": [
              {
                "pubsub": [
                  {
                    "enabled": false,
                    "filter": [],
                    "topic": ""
                  }
                ]
              }
            ],
            "operation": null,
            "private_cluster_config": [
              {
                "enable_private_endpoint": false,
                "enable_private_nodes": false,
                "master_global_access_config": [
                  {
                    "enabled": false
                  }
                ],
                "master_ipv4_cidr_block": "",
                "peering_name": "",
                "private_endpoint": "10.148.0.36",
                "private_endpoint_subnetwork": "",
                "public_endpoint": "35.240.220.254"
              }
            ],
            "private_ipv6_google_access": "",
            "project": "esd-project-420711",
            "release_channel": [
              {
                "channel": "REGULAR"
              }
            ],
            "remove_default_node_pool": true,
            "resource_labels": {},
            "resource_usage_export_config": [],
            "security_posture_config": [
              {
                "mode": "BASIC",
                "vulnerability_mode": "VULNERABILITY_MODE_UNSPECIFIED"
              }
            ],
            "self_link": "https://container.googleapis.com/v1/projects/esd-project-420711/zones/asia-southeast1-a/clusters/esd-cluster",
            "service_external_ips_config": [
              {
                "enabled": false
              }
            ],
            "services_ipv4_cidr": "10.126.128.0/20",
            "subnetwork": "projects/esd-project-420711/regions/asia-southeast1/subnetworks/default",
            "timeouts": null,
            "tpu_ipv4_cidr_block": "",
            "vertical_pod_autoscaling": [],
            "workload_identity_config": []
          },
          "sensitive_attributes": [],
          "private": "eyJlMmJmYjczMC1lY2FhLTExZTYtOGY4OC0zNDM2M2JjN2M0YzAiOnsiY3JlYXRlIjoyNDAwMDAwMDAwMDAwLCJkZWxldGUiOjI0MDAwMDAwMDAwMDAsInJlYWQiOjI0MDAwMDAwMDAwMDAsInVwZGF0ZSI6MzYwMDAwMDAwMDAwMH0sInNjaGVtYV92ZXJzaW9uIjoiMiJ9"
        }
      ]
    }
  ],
  "check_results": null
}
