{
  "version": 4,
  "terraform_version": "1.5.7",
  "serial": 637,
  "lineage": "1c6266a7-a111-7b07-5c38-178ca49b94e6",
  "outputs": {},
  "resources": [
    {
      "mode": "data",
      "type": "external",
      "name": "get_backend_service",
      "provider": "provider[\"registry.terraform.io/hashicorp/external\"]",
      "instances": [
        {
          "schema_version": 0,
          "attributes": {
            "id": "-",
            "program": [
              "bash",
              "-c",
              "gcloud container clusters get-credentials esd-cluster --region asia-southeast1-a \u0026\u0026 kubectl get ing ingress-nginx-esd-project -n esd-project -o json | jq -r '.metadata.annotations[\"ingress.kubernetes.io/backends\"]' "
            ],
            "query": null,
            "result": {
              "k8s1-15d2e18e-esd-project-app-service-80-cab836ee": "HEALTHY",
              "k8s1-15d2e18e-kube-system-default-http-backend-80-10261d31": "HEALTHY"
            },
            "working_dir": null
          },
          "sensitive_attributes": []
        }
      ]
    },
    {
      "mode": "data",
      "type": "google_client_config",
      "name": "default",
      "provider": "provider[\"registry.terraform.io/hashicorp/google\"]",
      "instances": [
        {
          "schema_version": 0,
          "attributes": {
            "access_token": "ya29.c.c0AY_VpZhW16uG379T-6oeC1vi0-XKJrYm9S8j4kQFeb7iPKRTx5KgxZrmmQ8jjR7-v-TVI423g0TySQpdnz-RvckMAnqRb9XIU43leMBH-mw6RX34b79Mheb4qyC7Jcq7Nplv3Y3zQgQ67nZ2lghswIf_uUWM37qHN0I2GmJBAOpVe8x2fEknk9Nz7dZMn6uDPB2Zhviwm_1auoikSrfauVbbTV7UbWpnt3tSL0MrbDaZQfP6b3hHb7r2UKqC7xtXzcFYFX_ofpXesRe2vWitjAOUNZLigbDcBYtXE1iYOYulYGwM65HdBDFpizvUAuqFaLSqQPrlwQXqwterGqEYhbAVJiKwxi2m6JWEbCZLncU5sRPb5sY2mZ4N384CebfrsWQz3b3XFtqZfxbR9jF1fzxsoSb7Mlo4s3hmdkqIJshcRgoJppQi28UbYtxQMQ7h_gWr-UnIVv-9yw9SJ-WYMU21_QvOldXsk6BlpwQrsfg-hhde7yqXl9FX98veVuF6MiX5htOz65VYieabywefWirUqapMldn60rnSV4__sfjJvkB-cihMkFIjI4uZ1qyl-R2kzofi-8uzfJshymtSxXs4s-W78MjZz2qXp1vYJcMelI7gc9nomgmqtvdMqJ3jxctinBziVjsJoim8ZFjdBv9fYxeuVzMylxvzQvanO_4BqvRZXZe5MsUF11WgIyYZ1zkVdohv9QrlYqwW5cS1zSemYbzug-zdol8XkUQ_665toFtWskc05Xf5adQVSpR8kv_xX9-JMf6UQohf4f9QhYUhau_q4qoBWS4MMj6Ynh2g0xXwya4vOZQpgZfBrOIIqh2R6frtvp6MJUVZXWJ9Z-vkX_y8SR8Bz8pee7fSBv_S9t-Wz3FlB6FOb1I-vVV6utfpkOhQ4fh2FQzjyFcz_mOeF9kk3OY-jbX31aeFwvh6k_k5tst_M1U1Rdf3p67pwoFY86Vh7Mj6tYeSt0n-nZJu4BhdZ-RW-W268Wf_3IFtt7rMQlxyVVy",
            "id": "projects/\"esd-project-420711\"/regions/\"us-central1-a\"/zones/\u003cnull\u003e",
            "project": "esd-project-420711",
            "region": "us-central1-a",
            "zone": null
          },
          "sensitive_attributes": []
        }
      ]
    },
    {
      "mode": "data",
      "type": "google_service_account",
      "name": "default",
      "provider": "provider[\"registry.terraform.io/hashicorp/google\"]",
      "instances": [
        {
          "schema_version": 0,
          "attributes": {
            "account_id": "demodeployment",
            "display_name": "demodeployment",
            "email": "demodeployment@esd-project-420711.iam.gserviceaccount.com",
            "id": "projects/esd-project-420711/serviceAccounts/demodeployment@esd-project-420711.iam.gserviceaccount.com",
            "member": "serviceAccount:demodeployment@esd-project-420711.iam.gserviceaccount.com",
            "name": "projects/esd-project-420711/serviceAccounts/demodeployment@esd-project-420711.iam.gserviceaccount.com",
            "project": "esd-project-420711",
            "unique_id": "117262228331766196523"
          },
          "sensitive_attributes": []
        }
      ]
    },
    {
      "mode": "managed",
      "type": "google_container_cluster",
      "name": "primary",
      "provider": "provider[\"registry.terraform.io/hashicorp/google\"]",
      "instances": [
        {
          "schema_version": 2,
          "attributes": {
            "addons_config": [
              {
                "cloudrun_config": [],
                "config_connector_config": [],
                "dns_cache_config": [],
                "gce_persistent_disk_csi_driver_config": [
                  {
                    "enabled": true
                  }
                ],
                "gcp_filestore_csi_driver_config": [],
                "gcs_fuse_csi_driver_config": [],
                "gke_backup_agent_config": [],
                "horizontal_pod_autoscaling": [],
                "http_load_balancing": [],
                "network_policy_config": [
                  {
                    "disabled": true
                  }
                ],
                "stateful_ha_config": []
              }
            ],
            "allow_net_admin": null,
            "authenticator_groups_config": [],
            "binary_authorization": [
              {
                "enabled": false,
                "evaluation_mode": ""
              }
            ],
            "cluster_autoscaling": [
              {
                "auto_provisioning_defaults": [],
                "autoscaling_profile": "BALANCED",
                "enabled": false,
                "resource_limits": []
              }
            ],
            "cluster_ipv4_cidr": "10.16.0.0/14",
            "confidential_nodes": [],
            "cost_management_config": [],
            "database_encryption": [
              {
                "key_name": "",
                "state": "DECRYPTED"
              }
            ],
            "datapath_provider": "",
            "default_max_pods_per_node": 110,
            "default_snat_status": [
              {
                "disabled": false
              }
            ],
            "deletion_protection": false,
            "description": "",
            "dns_config": [],
            "enable_autopilot": false,
            "enable_cilium_clusterwide_network_policy": false,
            "enable_intranode_visibility": false,
            "enable_k8s_beta_apis": [],
            "enable_kubernetes_alpha": false,
            "enable_l4_ilb_subsetting": false,
            "enable_legacy_abac": false,
            "enable_shielded_nodes": true,
            "enable_tpu": false,
            "endpoint": "34.124.162.19",
            "fleet": [],
            "gateway_api_config": [],
            "id": "projects/esd-project-420711/locations/asia-southeast1-a/clusters/esd-cluster",
            "identity_service_config": [],
            "initial_node_count": 1,
            "ip_allocation_policy": [
              {
                "additional_pod_ranges_config": [],
                "cluster_ipv4_cidr_block": "10.16.0.0/14",
                "cluster_secondary_range_name": "gke-esd-cluster-pods-7039e51f",
                "pod_cidr_overprovision_config": [
                  {
                    "disabled": false
                  }
                ],
                "services_ipv4_cidr_block": "10.8.144.0/20",
                "services_secondary_range_name": "gke-esd-cluster-services-7039e51f",
                "stack_type": "IPV4"
              }
            ],
            "label_fingerprint": "a9dc16a7",
            "location": "asia-southeast1-a",
            "logging_config": [
              {
                "enable_components": [
                  "SYSTEM_COMPONENTS",
                  "WORKLOADS"
                ]
              }
            ],
            "logging_service": "logging.googleapis.com/kubernetes",
            "maintenance_policy": [],
            "master_auth": [
              {
                "client_certificate": "",
                "client_certificate_config": [
                  {
                    "issue_client_certificate": false
                  }
                ],
                "client_key": "",
                "cluster_ca_certificate": "LS0tLS1CRUdJTiBDRVJUSUZJQ0FURS0tLS0tCk1JSUVMVENDQXBXZ0F3SUJBZ0lSQU5sbWZaVkNwMXBIMlJucWo5Vkc0S2d3RFFZSktvWklodmNOQVFFTEJRQXcKTHpFdE1Dc0dBMVVFQXhNa09UY3dNalExTURZdFpHTTJaUzAwTkdWbUxUaGtaRFV0TTJKaFpqRTROakUxWWpaawpNQ0FYRFRJME1EUXlOREV5TVRrMU1Gb1lEekl3TlRRd05ERTNNVE14T1RVd1dqQXZNUzB3S3dZRFZRUURFeVE1Ck56QXlORFV3Tmkxa1l6WmxMVFEwWldZdE9HUmtOUzB6WW1GbU1UZzJNVFZpTm1Rd2dnR2lNQTBHQ1NxR1NJYjMKRFFFQkFRVUFBNElCandBd2dnR0tBb0lCZ1FDVkRPQTh0YSt4MFJQL1dFTHBOMXFMaS8vVjg3WUFSNXFoeHd3aQpabnNkR3ZYTnBMbzNjaVNJVlBUdFRZMk8vNEtXREZ4dngwVUdmWFR3UVQ0TFBYc3RwMkJiMzhvV0xwdTZWL1ZhCmN0TnZ3TzQvcXI2eG9GTDI5RWREdkY1QjdtRlc2Q3czUXhUT21VK3llWEVrY05yTVdsZEdkVExIcEdkNFhtTzAKWXRlZlNGKzlOQXBNR2NTb3dPbFRYOHM0SVhpbnVGd3Vmc1E1QStwcXRCTVoyQUVKR1BxSDlsMnNMVUpSM1B5UgpSdDE2OEFEQmkvbFM3ZE44UXBZdHgrcGg3elV1aHJrM1I0Rk8vV2dxNEdTNjJ6bUNvVXBaWSt6YjRyZ3ZLQk4wCmM3UHpacFNxZURJOGlaZlJneUZKdHFOSUxxaXNpVmdlUmlEYzU4TDhlYTBPSGFIaG0xbVdBT0U5TEZxb1d0OHYKdDBSRnFkS2VyMHl5cFMyWDl3WGo5QVE0YmVlNzh3Tnk0WkdzeWVBL0V4K3RycFgyTy9Fbmx0bG50djlzZnI4MwpqdkFMRnFHRWtqTVRMUFdZY2VyYnNkUWwrdllSc2NEZXI2VFdRL0dYOVRTOVVnQVBzMUdSRks3em1PY0k1dEVaCmdmZC80TlVka2Z1SnVUMEVXOEdELzc3N0xOa0NBd0VBQWFOQ01FQXdEZ1lEVlIwUEFRSC9CQVFEQWdJRU1BOEcKQTFVZEV3RUIvd1FGTUFNQkFmOHdIUVlEVlIwT0JCWUVGQmtGYldmN1M4RUh4U1ZsaUV6RmgrSGgxd0lHTUEwRwpDU3FHU0liM0RRRUJDd1VBQTRJQmdRQlh4VjJYY3lBM0lZK3RJMG5ydFJVS1llVytWZW15bE1PaHA2YmtDZHBzCnU5RVJnQ1djK0dEYXplVDlRbjNhMTg0MWNZL2ZmcHZKRElxb0p6UG44eERXdHd3Y2ozQkJmdWVxL3NyVlBkSnEKZW9PZkZiVG84enp3MGtyUGRaLzhFSmhWV0hISVQ3aGd6TTdYYjBNYkgxTjNraEN6dEZIMGdnb2ZuMGlrWXRsYgpFc3FvT3ZmSk82cVhxV1Z6d1BYTGU1VUQrYzBUeXJsaGdEdTBtWmdhbkVyRUt6bEIyTXZmNm0rYWZNd3htbDNhClFaWkxRRG9JcVE5VWFjMjF4TVJnMU1wREM5d0lUOTBtQUdXNjNiT3p6alpZdDVxejhhUElOVGJLd2hQbmpOU0wKWmxML3JNMEdoelQ0ZjBIbXdCWjF4VnRiWE1ORmxNNTNrSjhvYmIxN0ZYSVlnZ3ZqZXF5aUFtZ3BwUE1vV2RmYwpGUHFzSXgvZGdDTGFTMmpYSHJvSkVzaG9GWTZycGtuSEJ6SkN3RzFpMGd1WFVvV0ExWmlvcjBScTdoSlNKemhMCkgrU0FtUmxBQ1dyN2JnRVRteExlb2o4R2Z3Wk91M3dOVklBNFMvUDAzZUlpYjV5cGhCT29MSE41UDJXOEhIMjcKUFE1VjhRenBzNmt1MW93ZmN0aFdrQWc9Ci0tLS0tRU5EIENFUlRJRklDQVRFLS0tLS0K"
              }
            ],
            "master_authorized_networks_config": [],
            "master_version": "1.28.7-gke.1026000",
            "mesh_certificates": [],
            "min_master_version": null,
            "monitoring_config": [
              {
                "advanced_datapath_observability_config": [
                  {
                    "enable_metrics": false,
                    "enable_relay": false,
                    "relay_mode": "DISABLED"
                  }
                ],
                "enable_components": [
                  "SYSTEM_COMPONENTS"
                ],
                "managed_prometheus": [
                  {
                    "enabled": true
                  }
                ]
              }
            ],
            "monitoring_service": "monitoring.googleapis.com/kubernetes",
            "name": "esd-cluster",
            "network": "projects/esd-project-420711/global/networks/default",
            "network_policy": [
              {
                "enabled": false,
                "provider": "PROVIDER_UNSPECIFIED"
              }
            ],
            "networking_mode": "VPC_NATIVE",
            "node_config": [
              {
                "advanced_machine_features": [],
                "boot_disk_kms_key": "",
                "confidential_nodes": [],
                "disk_size_gb": 100,
                "disk_type": "pd-balanced",
                "effective_taints": [],
                "enable_confidential_storage": false,
                "ephemeral_storage_local_ssd_config": [],
                "fast_socket": [],
                "gcfs_config": [],
                "guest_accelerator": [],
                "gvnic": [],
                "host_maintenance_policy": [],
                "image_type": "COS_CONTAINERD",
                "kubelet_config": [],
                "labels": {},
                "linux_node_config": [],
                "local_nvme_ssd_block_config": [],
                "local_ssd_count": 0,
                "logging_variant": "DEFAULT",
                "machine_type": "c2-standard-4",
                "metadata": {
                  "disable-legacy-endpoints": "true"
                },
                "min_cpu_platform": "",
                "node_group": "",
                "oauth_scopes": [
                  "https://www.googleapis.com/auth/cloud-platform"
                ],
                "preemptible": false,
                "reservation_affinity": [],
                "resource_labels": {},
                "resource_manager_tags": {},
                "service_account": "demodeployment@esd-project-420711.iam.gserviceaccount.com",
                "shielded_instance_config": [
                  {
                    "enable_integrity_monitoring": true,
                    "enable_secure_boot": false
                  }
                ],
                "sole_tenant_config": [],
                "spot": false,
                "tags": [],
                "taint": [],
                "workload_metadata_config": []
              }
            ],
            "node_locations": [],
            "node_pool": [
              {
                "autoscaling": [],
                "initial_node_count": 2,
                "instance_group_urls": [
                  "https://www.googleapis.com/compute/v1/projects/esd-project-420711/zones/asia-southeast1-a/instanceGroupManagers/gke-esd-cluster-esd-node-pool-96557b8d-grp"
                ],
                "managed_instance_group_urls": [
                  "https://www.googleapis.com/compute/v1/projects/esd-project-420711/zones/asia-southeast1-a/instanceGroups/gke-esd-cluster-esd-node-pool-96557b8d-grp"
                ],
                "management": [
                  {
                    "auto_repair": true,
                    "auto_upgrade": true
                  }
                ],
                "max_pods_per_node": 110,
                "name": "esd-node-pool",
                "name_prefix": "",
                "network_config": [
                  {
                    "create_pod_range": false,
                    "enable_private_nodes": false,
                    "network_performance_config": [],
                    "pod_cidr_overprovision_config": [],
                    "pod_ipv4_cidr_block": "10.16.0.0/14",
                    "pod_range": "gke-esd-cluster-pods-7039e51f"
                  }
                ],
                "node_config": [
                  {
                    "advanced_machine_features": [],
                    "boot_disk_kms_key": "",
                    "confidential_nodes": [],
                    "disk_size_gb": 100,
                    "disk_type": "pd-balanced",
                    "effective_taints": [],
                    "enable_confidential_storage": false,
                    "ephemeral_storage_local_ssd_config": [],
                    "fast_socket": [],
                    "gcfs_config": [],
                    "guest_accelerator": [],
                    "gvnic": [],
                    "host_maintenance_policy": [],
                    "image_type": "COS_CONTAINERD",
                    "kubelet_config": [],
                    "labels": {},
                    "linux_node_config": [],
                    "local_nvme_ssd_block_config": [],
                    "local_ssd_count": 0,
                    "logging_variant": "DEFAULT",
                    "machine_type": "c2-standard-4",
                    "metadata": {
                      "disable-legacy-endpoints": "true"
                    },
                    "min_cpu_platform": "",
                    "node_group": "",
                    "oauth_scopes": [
                      "https://www.googleapis.com/auth/cloud-platform"
                    ],
                    "preemptible": false,
                    "reservation_affinity": [],
                    "resource_labels": {},
                    "resource_manager_tags": {},
                    "service_account": "demodeployment@esd-project-420711.iam.gserviceaccount.com",
                    "shielded_instance_config": [
                      {
                        "enable_integrity_monitoring": true,
                        "enable_secure_boot": false
                      }
                    ],
                    "sole_tenant_config": [],
                    "spot": false,
                    "tags": [],
                    "taint": [],
                    "workload_metadata_config": []
                  }
                ],
                "node_count": 2,
                "node_locations": [
                  "asia-southeast1-a"
                ],
                "placement_policy": [],
                "queued_provisioning": [],
                "upgrade_settings": [
                  {
                    "blue_green_settings": [],
                    "max_surge": 1,
                    "max_unavailable": 0,
                    "strategy": "SURGE"
                  }
                ],
                "version": "1.28.7-gke.1026000"
              }
            ],
            "node_pool_auto_config": [],
            "node_pool_defaults": [
              {
                "node_config_defaults": [
                  {
                    "logging_variant": "DEFAULT"
                  }
                ]
              }
            ],
            "node_version": "1.28.7-gke.1026000",
            "notification_config": [
              {
                "pubsub": [
                  {
                    "enabled": false,
                    "filter": [],
                    "topic": ""
                  }
                ]
              }
            ],
            "operation": null,
            "private_cluster_config": [
              {
                "enable_private_endpoint": false,
                "enable_private_nodes": false,
                "master_global_access_config": [
                  {
                    "enabled": false
                  }
                ],
                "master_ipv4_cidr_block": "",
                "peering_name": "",
                "private_endpoint": "10.148.0.20",
                "private_endpoint_subnetwork": "",
                "public_endpoint": "34.124.162.19"
              }
            ],
            "private_ipv6_google_access": "",
            "project": "esd-project-420711",
            "release_channel": [
              {
                "channel": "REGULAR"
              }
            ],
            "remove_default_node_pool": true,
            "resource_labels": {},
            "resource_usage_export_config": [],
            "security_posture_config": [
              {
                "mode": "BASIC",
                "vulnerability_mode": "VULNERABILITY_MODE_UNSPECIFIED"
              }
            ],
            "self_link": "https://container.googleapis.com/v1/projects/esd-project-420711/zones/asia-southeast1-a/clusters/esd-cluster",
            "service_external_ips_config": [
              {
                "enabled": false
              }
            ],
            "services_ipv4_cidr": "10.8.144.0/20",
            "subnetwork": "projects/esd-project-420711/regions/asia-southeast1/subnetworks/default",
            "timeouts": null,
            "tpu_ipv4_cidr_block": "",
            "vertical_pod_autoscaling": [],
            "workload_identity_config": []
          },
          "sensitive_attributes": [],
          "private": "eyJlMmJmYjczMC1lY2FhLTExZTYtOGY4OC0zNDM2M2JjN2M0YzAiOnsiY3JlYXRlIjoyNDAwMDAwMDAwMDAwLCJkZWxldGUiOjI0MDAwMDAwMDAwMDAsInJlYWQiOjI0MDAwMDAwMDAwMDAsInVwZGF0ZSI6MzYwMDAwMDAwMDAwMH0sInNjaGVtYV92ZXJzaW9uIjoiMiJ9"
        }
      ]
    },
    {
      "mode": "managed",
      "type": "google_container_node_pool",
      "name": "primary_nodes",
      "provider": "provider[\"registry.terraform.io/hashicorp/google\"]",
      "instances": [
        {
          "schema_version": 1,
          "attributes": {
            "autoscaling": [],
            "cluster": "projects/esd-project-420711/locations/asia-southeast1-a/clusters/esd-cluster",
            "id": "projects/esd-project-420711/locations/asia-southeast1-a/clusters/esd-cluster/nodePools/esd-node-pool",
            "initial_node_count": 2,
            "instance_group_urls": [
              "https://www.googleapis.com/compute/v1/projects/esd-project-420711/zones/asia-southeast1-a/instanceGroupManagers/gke-esd-cluster-esd-node-pool-96557b8d-grp"
            ],
            "location": "asia-southeast1-a",
            "managed_instance_group_urls": [
              "https://www.googleapis.com/compute/v1/projects/esd-project-420711/zones/asia-southeast1-a/instanceGroups/gke-esd-cluster-esd-node-pool-96557b8d-grp"
            ],
            "management": [
              {
                "auto_repair": true,
                "auto_upgrade": true
              }
            ],
            "max_pods_per_node": 110,
            "name": "esd-node-pool",
            "name_prefix": "",
            "network_config": [
              {
                "create_pod_range": false,
                "enable_private_nodes": false,
                "network_performance_config": [],
                "pod_cidr_overprovision_config": [],
                "pod_ipv4_cidr_block": "10.16.0.0/14",
                "pod_range": "gke-esd-cluster-pods-7039e51f"
              }
            ],
            "node_config": [
              {
                "advanced_machine_features": [],
                "boot_disk_kms_key": "",
                "confidential_nodes": [],
                "disk_size_gb": 100,
                "disk_type": "pd-balanced",
                "effective_taints": [],
                "enable_confidential_storage": false,
                "ephemeral_storage_local_ssd_config": [],
                "fast_socket": [],
                "gcfs_config": [],
                "guest_accelerator": [],
                "gvnic": [],
                "host_maintenance_policy": [],
                "image_type": "COS_CONTAINERD",
                "kubelet_config": [],
                "labels": {},
                "linux_node_config": [],
                "local_nvme_ssd_block_config": [],
                "local_ssd_count": 0,
                "logging_variant": "DEFAULT",
                "machine_type": "c2-standard-4",
                "metadata": {
                  "disable-legacy-endpoints": "true"
                },
                "min_cpu_platform": "",
                "node_group": "",
                "oauth_scopes": [
                  "https://www.googleapis.com/auth/cloud-platform"
                ],
                "preemptible": false,
                "reservation_affinity": [],
                "resource_labels": {},
                "resource_manager_tags": {},
                "service_account": "demodeployment@esd-project-420711.iam.gserviceaccount.com",
                "shielded_instance_config": [
                  {
                    "enable_integrity_monitoring": true,
                    "enable_secure_boot": false
                  }
                ],
                "sole_tenant_config": [],
                "spot": false,
                "tags": [],
                "taint": [],
                "workload_metadata_config": []
              }
            ],
            "node_count": 2,
            "node_locations": [
              "asia-southeast1-a"
            ],
            "operation": null,
            "placement_policy": [],
            "project": "esd-project-420711",
            "queued_provisioning": [],
            "timeouts": null,
            "upgrade_settings": [
              {
                "blue_green_settings": [],
                "max_surge": 1,
                "max_unavailable": 0,
                "strategy": "SURGE"
              }
            ],
            "version": "1.28.7-gke.1026000"
          },
          "sensitive_attributes": [],
          "private": "eyJlMmJmYjczMC1lY2FhLTExZTYtOGY4OC0zNDM2M2JjN2M0YzAiOnsiY3JlYXRlIjoxODAwMDAwMDAwMDAwLCJkZWxldGUiOjE4MDAwMDAwMDAwMDAsInVwZGF0ZSI6MTgwMDAwMDAwMDAwMH0sInNjaGVtYV92ZXJzaW9uIjoiMSJ9",
          "dependencies": [
            "data.google_service_account.default",
            "google_container_cluster.primary"
          ]
        }
      ]
    },
    {
      "mode": "managed",
      "type": "null_resource",
      "name": "deploy_app",
      "provider": "provider[\"registry.terraform.io/hashicorp/null\"]",
      "instances": [
        {
          "schema_version": 0,
          "attributes": {
            "id": "1369283173216311854",
            "triggers": {
              "always_run": "2024-04-24T15:00:27Z"
            }
          },
          "sensitive_attributes": [],
          "dependencies": [
            "google_container_cluster.primary",
            "google_container_node_pool.primary_nodes"
          ]
        }
      ]
    },
    {
      "mode": "managed",
      "type": "null_resource",
      "name": "enable_cdn",
      "provider": "provider[\"registry.terraform.io/hashicorp/null\"]",
      "instances": [
        {
          "schema_version": 0,
          "attributes": {
            "id": "284433902245551278",
            "triggers": null
          },
          "sensitive_attributes": [],
          "dependencies": [
            "data.external.get_backend_service",
            "google_container_cluster.primary",
            "google_container_node_pool.primary_nodes",
            "null_resource.deploy_app"
          ]
        }
      ]
    }
  ],
  "check_results": null
}
