{
  "version": 4,
  "terraform_version": "1.5.3",
  "serial": 563,
  "lineage": "1c6266a7-a111-7b07-5c38-178ca49b94e6",
  "outputs": {},
  "resources": [
    {
      "mode": "data",
      "type": "google_client_config",
      "name": "default",
      "provider": "provider[\"registry.terraform.io/hashicorp/google\"]",
      "instances": [
        {
          "schema_version": 0,
          "attributes": {
            "access_token": "ya29.c.c0AY_VpZgTgArLm_SdZtU5RBj0qHR353vSisqZhABnYzVfEwCJlQE5YZOXYWxJvqCdVNDZMozhpFt677qVlVZA2a-F9GXrVg07gY2jYze1WiKKhMRXjSpsn-0xSyQ53aFRUJUu0YyN_-0emBHX3pjlWbxSZvEVfIUgqI_vZZwHz9ShcTxUoRhS_dv6Ga7aX-ErLZ_SPjqKcN5wnJsZE4-HgVs8yeaur6pfk6EAJlzDQUu9ytYbO56P7ADoz8rCPf5MKzVvqgrtABvtNEP_to1KqIS4ANeuVVbT43ozkLW5y3WnqPadUcuLfyiKVk3KeLC1LaCsActOI7WKScOGKH1Y3PV0n9Dv75Z4eQmek2XAA9_C6lQqyKWj3AeJT385PoqYMlSOwv1Vv6k4VBVQUsQb_sjuM4Oxc-eIsj4V9t04biUqtZxO2j0iSpMnxymflh2-dgkWS344srWsoi_sFOfFfkoBp8zseO-7g8tOqYayRxlQ2l_V_zbq6czgOvRJJmYf8s37nvSFgiehsnwdwrR651M8oUtymSzpB4j7Itwqsws9seyBq2br3d6I6jXBhnIejabr4heiub-W7uFzjRjZRUy0eO6JZZMXf3uhb2vc2gm5g93mfBJb4z_twfJggkOpJ06vmrJ23p3Oe3i6IYybqqO5SrmUz30_FIddxewOx46i4clV0ryyf9akMJ_dws3XM5tUl5I9wVfFZnwce8bpF8ezdxQ2Ik1Fsx9JVg-spcFg73IRvqVv9gdwFlp_b2URFMa5l6x0RpgBzQtjJrMQjIa5XfyZ2Vk7SV2nQ-_3Jd0etx6Jm3qzylljseYbecodsIWmBVQc3R4Un9JrRtVRk4Fap3xynO1rI8rZ4Y93MzXc-t3yZ5l4YOXOsZusuyMqBgtgXxs1-79zdJqYXos7eYVxz2uBIk1a_WdJV7m0-h-geF-bj3lmOakdlYYWew2II3hOwMRfsqQ6k-QJxZt6Rm6vYdlds4-XBIoft0a62SOUSf_kJSjqgS4",
            "id": "projects/\"esd-project-420711\"/regions/\"us-central1-a\"/zones/\u003cnull\u003e",
            "project": "esd-project-420711",
            "region": "us-central1-a",
            "zone": null
          },
          "sensitive_attributes": []
        }
      ]
    },
    {
      "mode": "data",
      "type": "google_service_account",
      "name": "default",
      "provider": "provider[\"registry.terraform.io/hashicorp/google\"]",
      "instances": [
        {
          "schema_version": 0,
          "attributes": {
            "account_id": "demodeployment",
            "display_name": "demodeployment",
            "email": "demodeployment@esd-project-420711.iam.gserviceaccount.com",
            "id": "projects/esd-project-420711/serviceAccounts/demodeployment@esd-project-420711.iam.gserviceaccount.com",
            "member": "serviceAccount:demodeployment@esd-project-420711.iam.gserviceaccount.com",
            "name": "projects/esd-project-420711/serviceAccounts/demodeployment@esd-project-420711.iam.gserviceaccount.com",
            "project": "esd-project-420711",
            "unique_id": "117262228331766196523"
          },
          "sensitive_attributes": []
        }
      ]
    },
    {
      "mode": "managed",
      "type": "google_container_cluster",
      "name": "primary",
      "provider": "provider[\"registry.terraform.io/hashicorp/google\"]",
      "instances": [
        {
          "schema_version": 2,
          "attributes": {
            "addons_config": [
              {
                "cloudrun_config": [],
                "config_connector_config": [],
                "dns_cache_config": [],
                "gce_persistent_disk_csi_driver_config": [
                  {
                    "enabled": true
                  }
                ],
                "gcp_filestore_csi_driver_config": [],
                "gcs_fuse_csi_driver_config": [],
                "gke_backup_agent_config": [],
                "horizontal_pod_autoscaling": [],
                "http_load_balancing": [],
                "network_policy_config": [
                  {
                    "disabled": true
                  }
                ],
                "stateful_ha_config": []
              }
            ],
            "allow_net_admin": null,
            "authenticator_groups_config": [],
            "binary_authorization": [
              {
                "enabled": false,
                "evaluation_mode": ""
              }
            ],
            "cluster_autoscaling": [
              {
                "auto_provisioning_defaults": [],
                "autoscaling_profile": "BALANCED",
                "enabled": false,
                "resource_limits": []
              }
            ],
            "cluster_ipv4_cidr": "10.80.0.0/14",
            "confidential_nodes": [],
            "cost_management_config": [],
            "database_encryption": [
              {
                "key_name": "",
                "state": "DECRYPTED"
              }
            ],
            "datapath_provider": "",
            "default_max_pods_per_node": 110,
            "default_snat_status": [
              {
                "disabled": false
              }
            ],
            "deletion_protection": false,
            "description": "",
            "dns_config": [],
            "enable_autopilot": false,
            "enable_cilium_clusterwide_network_policy": false,
            "enable_intranode_visibility": false,
            "enable_k8s_beta_apis": [],
            "enable_kubernetes_alpha": false,
            "enable_l4_ilb_subsetting": false,
            "enable_legacy_abac": false,
            "enable_shielded_nodes": true,
            "enable_tpu": false,
            "endpoint": "34.87.190.122",
            "fleet": [],
            "gateway_api_config": [],
            "id": "projects/esd-project-420711/locations/asia-southeast1-a/clusters/esd-cluster",
            "identity_service_config": [],
            "initial_node_count": 1,
            "ip_allocation_policy": [
              {
                "additional_pod_ranges_config": [],
                "cluster_ipv4_cidr_block": "10.80.0.0/14",
                "cluster_secondary_range_name": "gke-esd-cluster-pods-0a667c31",
                "pod_cidr_overprovision_config": [
                  {
                    "disabled": false
                  }
                ],
                "services_ipv4_cidr_block": "10.58.96.0/20",
                "services_secondary_range_name": "gke-esd-cluster-services-0a667c31",
                "stack_type": "IPV4"
              }
            ],
            "label_fingerprint": "a9dc16a7",
            "location": "asia-southeast1-a",
            "logging_config": [
              {
                "enable_components": [
                  "SYSTEM_COMPONENTS",
                  "WORKLOADS"
                ]
              }
            ],
            "logging_service": "logging.googleapis.com/kubernetes",
            "maintenance_policy": [],
            "master_auth": [
              {
                "client_certificate": "",
                "client_certificate_config": [
                  {
                    "issue_client_certificate": false
                  }
                ],
                "client_key": "",
                "cluster_ca_certificate": "LS0tLS1CRUdJTiBDRVJUSUZJQ0FURS0tLS0tCk1JSUVMVENDQXBXZ0F3SUJBZ0lSQU1DdDhqQ0t0UDBidTVuTzd5N3V3TmN3RFFZSktvWklodmNOQVFFTEJRQXcKTHpFdE1Dc0dBMVVFQXhNa1pHVTNaREZoTTJNdE1UazVZeTAwWkRRMUxUaGlaV0l0T0RrNE1qRTROekE0TVRWbQpNQ0FYRFRJME1EUXlOREF3TVRjMU1sb1lEekl3TlRRd05ERTNNREV4TnpVeVdqQXZNUzB3S3dZRFZRUURFeVJrClpUZGtNV0V6WXkweE9UbGpMVFJrTkRVdE9HSmxZaTA0T1RneU1UZzNNRGd4TldZd2dnR2lNQTBHQ1NxR1NJYjMKRFFFQkFRVUFBNElCandBd2dnR0tBb0lCZ1FEaC9yay9wcVlJNHhkWFM4TXBEZ0M5Y2M5b1h5TmVGQ29jaEZaWQpiVWgzK25PK2NTR0R2NzVBT0VYdlB3YVpFVTRlL1FUM3BkZVFNZ2dPcEs1cVJVdVhNSHppRnBHa243MGhGRU03CmFRdGtGalVzeEdSa2k0N3dBREJwTmxteVA5azNLSDMvT0NCWWxUallMOXdxNlAvMy9vbjlteGE2ZlRkb2QxVzYKYzBZeWpVQzNSYUZIb2xMMm9EdTVXQWhUckJBQUtoMEVHRmJBL3hNRlZYR2I2bHJ1MGhvK05Db05scDY1alpCbwo0aUpFK09NRlBXdUQrM0JtcFcxVXpjRDVQYTdCZktMbzlER2owcEhuVlhSRXN6b0VaYWg4QnVRem0zME5CMVBTCjhJbmExbk9KNTNlSmQxYXUzVjhXeVFEZ1Nna21KNkdNbzRCa09sMU94V0xMWGc0MUI3T2dGamFEZkwwbjhuY0UKU1B6RVpCckovU3B5K21jbXNQd3VBMGozNFlTckIrNkp6Z2NMYTgvL1l3a0hoRmVKbXdSQzUrdmQxcURMS3ExQgpucVF0bnJOdVBSUWtqdncveVZMRUhVbzVmMnNVdjdHc0Irc2VBN0ZKNnk0OVlkSUVOZEtMREoxZ0kvczJ3Wi81CjMyWlY4NzZncFNRdWFCd2Rwa3F1YWpTYXdKc0NBd0VBQWFOQ01FQXdEZ1lEVlIwUEFRSC9CQVFEQWdJRU1BOEcKQTFVZEV3RUIvd1FGTUFNQkFmOHdIUVlEVlIwT0JCWUVGSkN3Yi9qZlJJRjdrdERySWYrTGF2bGpRWWZRTUEwRwpDU3FHU0liM0RRRUJDd1VBQTRJQmdRQTlQeTlzSEpiWWVHbjVhZThUSEE2aG9zSDMveHVqM2JzeVhVeW9zK0MvCkZvdXpqNTREclpGdUFTWXlrMnFnallXOXJwSzYzUVJlMnV6dmJkeVhPWGdmcHZPSmVGTS9rbkFnakM3eWxoOEYKUlNXUTBRUTFTUnR6S2FNWm51ZG9YSXJLa2M2UE8wZW5XM1MvdjZPUUZnZW5ZbW9GVEhJbHdnTHRLeWhqVWlndgp6c3hMeVlTb1E3RGNYVEJhSzJaNUxCdDMwT0dhRjBkZVRrdEF1SEFzZk9rKy90ZmY3SnBDeWl5N1k5VHZKOXhXClk5dEhSWXUxaGZEUWxFRXZmazlRZWdwY0FEMy9SL2tCdTErci9saG9mRGwyNVdwY29MWnExaHhURzRUNHZMaDMKaGc2d3NPUkE3WFd5aHh1Q3ZDWjlTWkVRekFtZUxmK1JRSWZBQkVtNk5Wa1htODE1TUduVzJMcmw3KzZNVlFrNApTMGdXM3o0NXdOTngweDBpUjFpQ1NzRkF0MG9GT3BqMTlGZXBhS28waEJHL1pkYjlYSFp0d1RWc094UGFaa2ErCndnclBRbkdndmxsb0prOUFZa2o1R3d3TTd2YUZadjB2K3p4RU9zZzhVS1JYTWFDaVZQSWxPWUFmUUszSlpxcVYKZ3FyTXJTMzVkMFgrVjFDWkZNWXBXY3M9Ci0tLS0tRU5EIENFUlRJRklDQVRFLS0tLS0K"
              }
            ],
            "master_authorized_networks_config": [],
            "master_version": "1.28.7-gke.1026000",
            "mesh_certificates": [],
            "min_master_version": null,
            "monitoring_config": [
              {
                "advanced_datapath_observability_config": [
                  {
                    "enable_metrics": false,
                    "enable_relay": false,
                    "relay_mode": "DISABLED"
                  }
                ],
                "enable_components": [
                  "SYSTEM_COMPONENTS"
                ],
                "managed_prometheus": [
                  {
                    "enabled": true
                  }
                ]
              }
            ],
            "monitoring_service": "monitoring.googleapis.com/kubernetes",
            "name": "esd-cluster",
            "network": "projects/esd-project-420711/global/networks/default",
            "network_policy": [
              {
                "enabled": false,
                "provider": "PROVIDER_UNSPECIFIED"
              }
            ],
            "networking_mode": "VPC_NATIVE",
            "node_config": [
              {
                "advanced_machine_features": [],
                "boot_disk_kms_key": "",
                "confidential_nodes": [],
                "disk_size_gb": 100,
                "disk_type": "pd-balanced",
                "effective_taints": [],
                "enable_confidential_storage": false,
                "ephemeral_storage_local_ssd_config": [],
                "fast_socket": [],
                "gcfs_config": [],
                "guest_accelerator": [],
                "gvnic": [],
                "host_maintenance_policy": [],
                "image_type": "COS_CONTAINERD",
                "kubelet_config": [],
                "labels": {},
                "linux_node_config": [],
                "local_nvme_ssd_block_config": [],
                "local_ssd_count": 0,
                "logging_variant": "DEFAULT",
                "machine_type": "c2-standard-4",
                "metadata": {
                  "disable-legacy-endpoints": "true"
                },
                "min_cpu_platform": "",
                "node_group": "",
                "oauth_scopes": [
                  "https://www.googleapis.com/auth/cloud-platform"
                ],
                "preemptible": false,
                "reservation_affinity": [],
                "resource_labels": {},
                "resource_manager_tags": {},
                "service_account": "demodeployment@esd-project-420711.iam.gserviceaccount.com",
                "shielded_instance_config": [
                  {
                    "enable_integrity_monitoring": true,
                    "enable_secure_boot": false
                  }
                ],
                "sole_tenant_config": [],
                "spot": false,
                "tags": [],
                "taint": [],
                "workload_metadata_config": []
              }
            ],
            "node_locations": [],
            "node_pool": [
              {
                "autoscaling": [],
                "initial_node_count": 2,
                "instance_group_urls": [
                  "https://www.googleapis.com/compute/v1/projects/esd-project-420711/zones/asia-southeast1-a/instanceGroupManagers/gke-esd-cluster-esd-node-pool-1346f72b-grp"
                ],
                "managed_instance_group_urls": [
                  "https://www.googleapis.com/compute/v1/projects/esd-project-420711/zones/asia-southeast1-a/instanceGroups/gke-esd-cluster-esd-node-pool-1346f72b-grp"
                ],
                "management": [
                  {
                    "auto_repair": true,
                    "auto_upgrade": true
                  }
                ],
                "max_pods_per_node": 110,
                "name": "esd-node-pool",
                "name_prefix": "",
                "network_config": [
                  {
                    "create_pod_range": false,
                    "enable_private_nodes": false,
                    "network_performance_config": [],
                    "pod_cidr_overprovision_config": [],
                    "pod_ipv4_cidr_block": "10.80.0.0/14",
                    "pod_range": "gke-esd-cluster-pods-0a667c31"
                  }
                ],
                "node_config": [
                  {
                    "advanced_machine_features": [],
                    "boot_disk_kms_key": "",
                    "confidential_nodes": [],
                    "disk_size_gb": 100,
                    "disk_type": "pd-balanced",
                    "effective_taints": [],
                    "enable_confidential_storage": false,
                    "ephemeral_storage_local_ssd_config": [],
                    "fast_socket": [],
                    "gcfs_config": [],
                    "guest_accelerator": [],
                    "gvnic": [],
                    "host_maintenance_policy": [],
                    "image_type": "COS_CONTAINERD",
                    "kubelet_config": [],
                    "labels": {},
                    "linux_node_config": [],
                    "local_nvme_ssd_block_config": [],
                    "local_ssd_count": 0,
                    "logging_variant": "DEFAULT",
                    "machine_type": "c2-standard-4",
                    "metadata": {
                      "disable-legacy-endpoints": "true"
                    },
                    "min_cpu_platform": "",
                    "node_group": "",
                    "oauth_scopes": [
                      "https://www.googleapis.com/auth/cloud-platform"
                    ],
                    "preemptible": false,
                    "reservation_affinity": [],
                    "resource_labels": {},
                    "resource_manager_tags": {},
                    "service_account": "demodeployment@esd-project-420711.iam.gserviceaccount.com",
                    "shielded_instance_config": [
                      {
                        "enable_integrity_monitoring": true,
                        "enable_secure_boot": false
                      }
                    ],
                    "sole_tenant_config": [],
                    "spot": false,
                    "tags": [],
                    "taint": [],
                    "workload_metadata_config": []
                  }
                ],
                "node_count": 2,
                "node_locations": [
                  "asia-southeast1-a"
                ],
                "placement_policy": [],
                "queued_provisioning": [],
                "upgrade_settings": [
                  {
                    "blue_green_settings": [],
                    "max_surge": 1,
                    "max_unavailable": 0,
                    "strategy": "SURGE"
                  }
                ],
                "version": "1.28.7-gke.1026000"
              }
            ],
            "node_pool_auto_config": [],
            "node_pool_defaults": [
              {
                "node_config_defaults": [
                  {
                    "logging_variant": "DEFAULT"
                  }
                ]
              }
            ],
            "node_version": "1.28.7-gke.1026000",
            "notification_config": [
              {
                "pubsub": [
                  {
                    "enabled": false,
                    "filter": [],
                    "topic": ""
                  }
                ]
              }
            ],
            "operation": null,
            "private_cluster_config": [
              {
                "enable_private_endpoint": false,
                "enable_private_nodes": false,
                "master_global_access_config": [
                  {
                    "enabled": false
                  }
                ],
                "master_ipv4_cidr_block": "",
                "peering_name": "",
                "private_endpoint": "10.148.0.16",
                "private_endpoint_subnetwork": "",
                "public_endpoint": "34.87.190.122"
              }
            ],
            "private_ipv6_google_access": "",
            "project": "esd-project-420711",
            "release_channel": [
              {
                "channel": "REGULAR"
              }
            ],
            "remove_default_node_pool": true,
            "resource_labels": {},
            "resource_usage_export_config": [],
            "security_posture_config": [
              {
                "mode": "BASIC",
                "vulnerability_mode": "VULNERABILITY_MODE_UNSPECIFIED"
              }
            ],
            "self_link": "https://container.googleapis.com/v1/projects/esd-project-420711/zones/asia-southeast1-a/clusters/esd-cluster",
            "service_external_ips_config": [
              {
                "enabled": false
              }
            ],
            "services_ipv4_cidr": "10.58.96.0/20",
            "subnetwork": "projects/esd-project-420711/regions/asia-southeast1/subnetworks/default",
            "timeouts": null,
            "tpu_ipv4_cidr_block": "",
            "vertical_pod_autoscaling": [],
            "workload_identity_config": []
          },
          "sensitive_attributes": [],
          "private": "eyJlMmJmYjczMC1lY2FhLTExZTYtOGY4OC0zNDM2M2JjN2M0YzAiOnsiY3JlYXRlIjoyNDAwMDAwMDAwMDAwLCJkZWxldGUiOjI0MDAwMDAwMDAwMDAsInJlYWQiOjI0MDAwMDAwMDAwMDAsInVwZGF0ZSI6MzYwMDAwMDAwMDAwMH0sInNjaGVtYV92ZXJzaW9uIjoiMiJ9"
        }
      ]
    },
    {
      "mode": "managed",
      "type": "google_container_node_pool",
      "name": "primary_nodes",
      "provider": "provider[\"registry.terraform.io/hashicorp/google\"]",
      "instances": [
        {
          "schema_version": 1,
          "attributes": {
            "autoscaling": [],
            "cluster": "projects/esd-project-420711/locations/asia-southeast1-a/clusters/esd-cluster",
            "id": "projects/esd-project-420711/locations/asia-southeast1-a/clusters/esd-cluster/nodePools/esd-node-pool",
            "initial_node_count": 2,
            "instance_group_urls": [
              "https://www.googleapis.com/compute/v1/projects/esd-project-420711/zones/asia-southeast1-a/instanceGroupManagers/gke-esd-cluster-esd-node-pool-1346f72b-grp"
            ],
            "location": "asia-southeast1-a",
            "managed_instance_group_urls": [
              "https://www.googleapis.com/compute/v1/projects/esd-project-420711/zones/asia-southeast1-a/instanceGroups/gke-esd-cluster-esd-node-pool-1346f72b-grp"
            ],
            "management": [
              {
                "auto_repair": true,
                "auto_upgrade": true
              }
            ],
            "max_pods_per_node": 110,
            "name": "esd-node-pool",
            "name_prefix": "",
            "network_config": [
              {
                "create_pod_range": false,
                "enable_private_nodes": false,
                "network_performance_config": [],
                "pod_cidr_overprovision_config": [],
                "pod_ipv4_cidr_block": "10.80.0.0/14",
                "pod_range": "gke-esd-cluster-pods-0a667c31"
              }
            ],
            "node_config": [
              {
                "advanced_machine_features": [],
                "boot_disk_kms_key": "",
                "confidential_nodes": [],
                "disk_size_gb": 100,
                "disk_type": "pd-balanced",
                "effective_taints": [],
                "enable_confidential_storage": false,
                "ephemeral_storage_local_ssd_config": [],
                "fast_socket": [],
                "gcfs_config": [],
                "guest_accelerator": [],
                "gvnic": [],
                "host_maintenance_policy": [],
                "image_type": "COS_CONTAINERD",
                "kubelet_config": [],
                "labels": {},
                "linux_node_config": [],
                "local_nvme_ssd_block_config": [],
                "local_ssd_count": 0,
                "logging_variant": "DEFAULT",
                "machine_type": "c2-standard-4",
                "metadata": {
                  "disable-legacy-endpoints": "true"
                },
                "min_cpu_platform": "",
                "node_group": "",
                "oauth_scopes": [
                  "https://www.googleapis.com/auth/cloud-platform"
                ],
                "preemptible": false,
                "reservation_affinity": [],
                "resource_labels": {},
                "resource_manager_tags": {},
                "service_account": "demodeployment@esd-project-420711.iam.gserviceaccount.com",
                "shielded_instance_config": [
                  {
                    "enable_integrity_monitoring": true,
                    "enable_secure_boot": false
                  }
                ],
                "sole_tenant_config": [],
                "spot": false,
                "tags": [],
                "taint": [],
                "workload_metadata_config": []
              }
            ],
            "node_count": 2,
            "node_locations": [
              "asia-southeast1-a"
            ],
            "operation": null,
            "placement_policy": [],
            "project": "esd-project-420711",
            "queued_provisioning": [],
            "timeouts": null,
            "upgrade_settings": [
              {
                "blue_green_settings": [],
                "max_surge": 1,
                "max_unavailable": 0,
                "strategy": "SURGE"
              }
            ],
            "version": "1.28.7-gke.1026000"
          },
          "sensitive_attributes": [],
          "private": "eyJlMmJmYjczMC1lY2FhLTExZTYtOGY4OC0zNDM2M2JjN2M0YzAiOnsiY3JlYXRlIjoxODAwMDAwMDAwMDAwLCJkZWxldGUiOjE4MDAwMDAwMDAwMDAsInVwZGF0ZSI6MTgwMDAwMDAwMDAwMH0sInNjaGVtYV92ZXJzaW9uIjoiMSJ9",
          "dependencies": [
            "data.google_service_account.default",
            "google_container_cluster.primary"
          ]
        }
      ]
    },
    {
      "mode": "managed",
      "type": "null_resource",
      "name": "deploy_app",
      "provider": "provider[\"registry.terraform.io/hashicorp/null\"]",
      "instances": [
        {
          "schema_version": 0,
          "attributes": {
            "id": "6150485644333539509",
            "triggers": {
              "always_run": "2024-04-24T07:18:27Z"
            }
          },
          "sensitive_attributes": [],
          "dependencies": [
            "google_container_cluster.primary",
            "google_container_node_pool.primary_nodes"
          ]
        }
      ]
    }
  ],
  "check_results": null
}
