{
  "version": 4,
  "terraform_version": "1.5.7",
  "serial": 285,
  "lineage": "1c6266a7-a111-7b07-5c38-178ca49b94e6",
  "outputs": {},
  "resources": [
    {
      "mode": "data",
      "type": "google_service_account",
      "name": "default",
      "provider": "provider[\"registry.terraform.io/hashicorp/google\"]",
      "instances": [
        {
          "schema_version": 0,
          "attributes": {
            "account_id": "demodeployment",
            "display_name": "demodeployment",
            "email": "demodeployment@esd-project-420711.iam.gserviceaccount.com",
            "id": "projects/esd-project-420711/serviceAccounts/demodeployment@esd-project-420711.iam.gserviceaccount.com",
            "member": "serviceAccount:demodeployment@esd-project-420711.iam.gserviceaccount.com",
            "name": "projects/esd-project-420711/serviceAccounts/demodeployment@esd-project-420711.iam.gserviceaccount.com",
            "project": "esd-project-420711",
            "unique_id": "117262228331766196523"
          },
          "sensitive_attributes": []
        }
      ]
    },
    {
      "mode": "managed",
      "type": "google_container_cluster",
      "name": "primary",
      "provider": "provider[\"registry.terraform.io/hashicorp/google\"]",
      "instances": [
        {
          "schema_version": 2,
          "attributes": {
            "addons_config": [
              {
                "cloudrun_config": [],
                "config_connector_config": [],
                "dns_cache_config": [],
                "gce_persistent_disk_csi_driver_config": [
                  {
                    "enabled": true
                  }
                ],
                "gcp_filestore_csi_driver_config": [],
                "gcs_fuse_csi_driver_config": [],
                "gke_backup_agent_config": [],
                "horizontal_pod_autoscaling": [],
                "http_load_balancing": [],
                "network_policy_config": [
                  {
                    "disabled": true
                  }
                ],
                "stateful_ha_config": []
              }
            ],
            "allow_net_admin": null,
            "authenticator_groups_config": [],
            "binary_authorization": [
              {
                "enabled": false,
                "evaluation_mode": ""
              }
            ],
            "cluster_autoscaling": [
              {
                "auto_provisioning_defaults": [],
                "autoscaling_profile": "BALANCED",
                "enabled": false,
                "resource_limits": []
              }
            ],
            "cluster_ipv4_cidr": "10.116.0.0/14",
            "confidential_nodes": [],
            "cost_management_config": [],
            "database_encryption": [
              {
                "key_name": "",
                "state": "DECRYPTED"
              }
            ],
            "datapath_provider": "",
            "default_max_pods_per_node": 110,
            "default_snat_status": [
              {
                "disabled": false
              }
            ],
            "deletion_protection": false,
            "description": "",
            "dns_config": [],
            "enable_autopilot": false,
            "enable_cilium_clusterwide_network_policy": false,
            "enable_intranode_visibility": false,
            "enable_k8s_beta_apis": [],
            "enable_kubernetes_alpha": false,
            "enable_l4_ilb_subsetting": false,
            "enable_legacy_abac": false,
            "enable_shielded_nodes": true,
            "enable_tpu": false,
            "endpoint": "34.41.15.145",
            "fleet": [],
            "gateway_api_config": [],
            "id": "projects/esd-project-420711/locations/us-central1-a/clusters/esd-cluster",
            "identity_service_config": [],
            "initial_node_count": 1,
            "ip_allocation_policy": [
              {
                "additional_pod_ranges_config": [],
                "cluster_ipv4_cidr_block": "10.116.0.0/14",
                "cluster_secondary_range_name": "gke-esd-cluster-pods-5c118430",
                "pod_cidr_overprovision_config": [
                  {
                    "disabled": false
                  }
                ],
                "services_ipv4_cidr_block": "10.4.16.0/20",
                "services_secondary_range_name": "gke-esd-cluster-services-5c118430",
                "stack_type": "IPV4"
              }
            ],
            "label_fingerprint": "a9dc16a7",
            "location": "us-central1-a",
            "logging_config": [
              {
                "enable_components": [
                  "SYSTEM_COMPONENTS",
                  "WORKLOADS"
                ]
              }
            ],
            "logging_service": "logging.googleapis.com/kubernetes",
            "maintenance_policy": [],
            "master_auth": [
              {
                "client_certificate": "",
                "client_certificate_config": [
                  {
                    "issue_client_certificate": false
                  }
                ],
                "client_key": "",
                "cluster_ca_certificate": "LS0tLS1CRUdJTiBDRVJUSUZJQ0FURS0tLS0tCk1JSUVMVENDQXBXZ0F3SUJBZ0lSQUlpeXNNbEEyejFWcGpiQXpHUzN6M2N3RFFZSktvWklodmNOQVFFTEJRQXcKTHpFdE1Dc0dBMVVFQXhNa01tWXlaamxsWW1VdE5EZGlOeTAwWkRVM0xXSXdaVE10TWpreVlUZGpZbUkxTjJGbApNQ0FYRFRJME1EUXlNVEEyTVRjME0xb1lEekl3TlRRd05ERTBNRGN4TnpReldqQXZNUzB3S3dZRFZRUURFeVF5ClpqSm1PV1ZpWlMwME4ySTNMVFJrTlRjdFlqQmxNeTB5T1RKaE4yTmlZalUzWVdVd2dnR2lNQTBHQ1NxR1NJYjMKRFFFQkFRVUFBNElCandBd2dnR0tBb0lCZ1FDOWlOK2JmcTd2enlQSGtnSytKMDlwV1VjRHJOdVpvTDQwOHN4egp0MHF2VEtzWmJmQkFYQlVaZWVGYWxrZmhHby80ekxJM3BUenBJMHBzeE9qVkVVb1ZSdUxiTUdNVlRTWXFIQ1FqCitrR1dYRHRCWVZoSnFwVFBPQVA4K3JISVRGYjFqa05WVWpmMEIveDZKWHJ3a1JDaE5Fei9qL1grZDdydG53Q0QKSmdDYWR6SitKUWFWTVdHMFROT3FlaEZyVGtXTTlCbEVUU3hrN01peDVyd0dOT3E1dDIrZzZIRDk5azBUdi9lTwpmR2VubVBUc3pUdU4zaFNwN3ZHNXFOL0E4Uk1JaHRtbjAvSndMZXpYZWRBUC9weU95ODJiOS9kM0drZmdCTzQ0Cjhna0ZjSUp4ZmxhYmVZbXdrQ1Fxd0VuV3JnNVVGRnphcjRJbEVBaXdsWkdzWVJTa0RkMHplKzVvS1kwditteE4Kd3poY2NZNXZpeUxIODI1Ly9UQW5DMW9UVG9QMnkzSTBZeXBkMWE3TDVzYjdwSjJ4Q09OZnpRK3NrdDF0NCtlbgpuWFBZeWsxMWFEMlh2b0FMbXdzNlVSZlM3ZVA2Uy9vNWMzN2QxaWh4OXpxQkRoNlQ5dm5RdTk4eDRmM0dnRFNhCktuQjJ2ZThCTnZRazY5SWkvZU52WEhwQkF6OENBd0VBQWFOQ01FQXdEZ1lEVlIwUEFRSC9CQVFEQWdJRU1BOEcKQTFVZEV3RUIvd1FGTUFNQkFmOHdIUVlEVlIwT0JCWUVGQSthOHhtQUFERy9ldHl5bG9PQ3VSenJhQzI2TUEwRwpDU3FHU0liM0RRRUJDd1VBQTRJQmdRQWJRZ28zczIyV3gxTjJPUC90Vk1uOFR0NUthV1hDTmx4bWZYRWRiSFI3CjM2N1ZiTG54bmZ5cERTelhlM09DSE4zcEQ0MjIva3ZDN0gzeUplM291dU9oKzJ1TXJOSGR0ODFJUzFVdU03R1QKNXFYMUZiVTlJOUJybzZRRklDQzRKNWFzeVMxRG5CVW9CbGFSb0NpNm5jQnVyWXdGWEZTS3ZseDNFbnFCczloOQpsSVBvazZUUUZDUmYwNTMrRVJoblhHcEdOUjBGcHg1L3JhYkRMVC9yOEt0OUVwM05sZTk5cUhnM0Y2eVNMOHJGCnQrWmllWm53VlEySzZrV0RObm40dDJ1YVBYZ29UQWhiKzRKMVBUUkVqYU1LZUdHYU9NKytnMUhIM3NZa2Q1T2cKMmh4RG9rU2c4b3R4UEEvOEQrd0M2Tk9sYTVvVUV1UmVmMndhRlV1YkRESXh5NG9LSlBLOUNpQUdGODh3dHhyNQo3YzhPRFdqZjdocndoQXBWMnNUajBNUWhQMjFWQXFGc2ozY2ZTSTNqN0pJZllycDNFc2FmMEhPRm9oYkR0QklRCjFicHpTa3lZakp1RGVJdUYyeXQvWmo3QkMwV2ErbE1lNkhZelp6c2tzVVo1a0JqMnhPQ0xzQWZIazIyWGF3KzMKaGoxZkFiMG5lbXF5czNMdzRDSlFuMGc9Ci0tLS0tRU5EIENFUlRJRklDQVRFLS0tLS0K"
              }
            ],
            "master_authorized_networks_config": [],
            "master_version": "1.27.8-gke.1067004",
            "mesh_certificates": [],
            "min_master_version": null,
            "monitoring_config": [
              {
                "advanced_datapath_observability_config": [
                  {
                    "enable_metrics": false,
                    "enable_relay": false,
                    "relay_mode": "DISABLED"
                  }
                ],
                "enable_components": [
                  "SYSTEM_COMPONENTS"
                ],
                "managed_prometheus": [
                  {
                    "enabled": true
                  }
                ]
              }
            ],
            "monitoring_service": "monitoring.googleapis.com/kubernetes",
            "name": "esd-cluster",
            "network": "projects/esd-project-420711/global/networks/default",
            "network_policy": [
              {
                "enabled": false,
                "provider": "PROVIDER_UNSPECIFIED"
              }
            ],
            "networking_mode": "VPC_NATIVE",
            "node_config": [],
            "node_locations": [],
            "node_pool": [],
            "node_pool_auto_config": [],
            "node_pool_defaults": [
              {
                "node_config_defaults": [
                  {
                    "logging_variant": "DEFAULT"
                  }
                ]
              }
            ],
            "node_version": "1.27.8-gke.1067004",
            "notification_config": [
              {
                "pubsub": [
                  {
                    "enabled": false,
                    "filter": [],
                    "topic": ""
                  }
                ]
              }
            ],
            "operation": null,
            "private_cluster_config": [
              {
                "enable_private_endpoint": false,
                "enable_private_nodes": false,
                "master_global_access_config": [
                  {
                    "enabled": false
                  }
                ],
                "master_ipv4_cidr_block": "",
                "peering_name": "",
                "private_endpoint": "10.128.0.40",
                "private_endpoint_subnetwork": "",
                "public_endpoint": "34.41.15.145"
              }
            ],
            "private_ipv6_google_access": "",
            "project": "esd-project-420711",
            "release_channel": [
              {
                "channel": "REGULAR"
              }
            ],
            "remove_default_node_pool": true,
            "resource_labels": null,
            "resource_usage_export_config": [],
            "security_posture_config": [
              {
                "mode": "BASIC",
                "vulnerability_mode": "VULNERABILITY_MODE_UNSPECIFIED"
              }
            ],
            "self_link": "https://container.googleapis.com/v1/projects/esd-project-420711/zones/us-central1-a/clusters/esd-cluster",
            "service_external_ips_config": [
              {
                "enabled": false
              }
            ],
            "services_ipv4_cidr": "10.4.16.0/20",
            "subnetwork": "projects/esd-project-420711/regions/us-central1/subnetworks/default",
            "timeouts": null,
            "tpu_ipv4_cidr_block": "",
            "vertical_pod_autoscaling": [],
            "workload_identity_config": []
          },
          "sensitive_attributes": [],
          "private": "eyJlMmJmYjczMC1lY2FhLTExZTYtOGY4OC0zNDM2M2JjN2M0YzAiOnsiY3JlYXRlIjoyNDAwMDAwMDAwMDAwLCJkZWxldGUiOjI0MDAwMDAwMDAwMDAsInJlYWQiOjI0MDAwMDAwMDAwMDAsInVwZGF0ZSI6MzYwMDAwMDAwMDAwMH0sInNjaGVtYV92ZXJzaW9uIjoiMiJ9"
        }
      ]
    },
    {
      "mode": "managed",
      "type": "google_container_node_pool",
      "name": "primary_nodes",
      "provider": "provider[\"registry.terraform.io/hashicorp/google\"]",
      "instances": [
        {
          "schema_version": 1,
          "attributes": {
            "autoscaling": [],
            "cluster": "projects/esd-project-420711/locations/us-central1-a/clusters/esd-cluster",
            "id": "projects/esd-project-420711/locations/us-central1-a/clusters/esd-cluster/nodePools/esd-node-pool",
            "initial_node_count": 2,
            "instance_group_urls": [
              "https://www.googleapis.com/compute/v1/projects/esd-project-420711/zones/us-central1-a/instanceGroupManagers/gke-esd-cluster-esd-node-pool-11161286-grp"
            ],
            "location": "us-central1-a",
            "managed_instance_group_urls": [
              "https://www.googleapis.com/compute/v1/projects/esd-project-420711/zones/us-central1-a/instanceGroups/gke-esd-cluster-esd-node-pool-11161286-grp"
            ],
            "management": [
              {
                "auto_repair": true,
                "auto_upgrade": true
              }
            ],
            "max_pods_per_node": 110,
            "name": "esd-node-pool",
            "name_prefix": "",
            "network_config": [
              {
                "create_pod_range": false,
                "enable_private_nodes": false,
                "network_performance_config": [],
                "pod_cidr_overprovision_config": [],
                "pod_ipv4_cidr_block": "10.116.0.0/14",
                "pod_range": "gke-esd-cluster-pods-5c118430"
              }
            ],
            "node_config": [
              {
                "advanced_machine_features": [],
                "boot_disk_kms_key": "",
                "confidential_nodes": [],
                "disk_size_gb": 100,
                "disk_type": "pd-balanced",
                "effective_taints": [],
                "enable_confidential_storage": false,
                "ephemeral_storage_local_ssd_config": [],
                "fast_socket": [],
                "gcfs_config": [],
                "guest_accelerator": [],
                "gvnic": [],
                "host_maintenance_policy": [],
                "image_type": "COS_CONTAINERD",
                "kubelet_config": [],
                "labels": {},
                "linux_node_config": [],
                "local_nvme_ssd_block_config": [],
                "local_ssd_count": 0,
                "logging_variant": "DEFAULT",
                "machine_type": "c2-standard-4",
                "metadata": {
                  "disable-legacy-endpoints": "true"
                },
                "min_cpu_platform": "",
                "node_group": "",
                "oauth_scopes": [
                  "https://www.googleapis.com/auth/cloud-platform"
                ],
                "preemptible": false,
                "reservation_affinity": [],
                "resource_labels": null,
                "resource_manager_tags": null,
                "service_account": "demodeployment@esd-project-420711.iam.gserviceaccount.com",
                "shielded_instance_config": [
                  {
                    "enable_integrity_monitoring": true,
                    "enable_secure_boot": false
                  }
                ],
                "sole_tenant_config": [],
                "spot": false,
                "tags": null,
                "taint": [],
                "workload_metadata_config": []
              }
            ],
            "node_count": 2,
            "node_locations": [
              "us-central1-a"
            ],
            "operation": null,
            "placement_policy": [],
            "project": "esd-project-420711",
            "queued_provisioning": [],
            "timeouts": null,
            "upgrade_settings": [
              {
                "blue_green_settings": [],
                "max_surge": 1,
                "max_unavailable": 0,
                "strategy": "SURGE"
              }
            ],
            "version": "1.27.8-gke.1067004"
          },
          "sensitive_attributes": [],
          "private": "eyJlMmJmYjczMC1lY2FhLTExZTYtOGY4OC0zNDM2M2JjN2M0YzAiOnsiY3JlYXRlIjoxODAwMDAwMDAwMDAwLCJkZWxldGUiOjE4MDAwMDAwMDAwMDAsInVwZGF0ZSI6MTgwMDAwMDAwMDAwMH0sInNjaGVtYV92ZXJzaW9uIjoiMSJ9",
          "dependencies": [
            "data.google_service_account.default",
            "google_container_cluster.primary"
          ]
        }
      ]
    },
    {
      "mode": "managed",
      "type": "null_resource",
      "name": "deploy_app",
      "provider": "provider[\"registry.terraform.io/hashicorp/null\"]",
      "instances": [
        {
          "schema_version": 0,
          "attributes": {
            "id": "1542427129597258120",
            "triggers": {
              "always_run": "2024-04-21T07:28:58Z"
            }
          },
          "sensitive_attributes": [],
          "dependencies": [
            "data.google_service_account.default",
            "google_container_cluster.primary",
            "google_container_node_pool.primary_nodes"
          ]
        }
      ]
    }
  ],
  "check_results": null
}
